
Microsoft Visual Studio Solution File, Format Version 12.00
# Visual Studio Version 17
VisualStudioVersion = 17.7.34024.191
MinimumVisualStudioVersion = 10.0.40219.1
Project("{FAE04EC0-301F-11D3-BF4B-00C04F79EFBC}") = "AkhmerovaTours", "AkhmerovaTours.csproj", "{A7736B79-67DC-4106-A74A-F996F3C219D3}"
EndProject
Global
	GlobalSection(SolutionConfigurationPlatforms) = preSolution
		Debug|Any CPU = Debug|Any CPU
		Release|Any CPU = Release|Any CPU
	EndGlobalSection
	GlobalSection(ProjectConfigurationPlatforms) = postSolution
		{A7736B79-67DC-4106-A74A-F996F3C219D3}.Debug|Any CPU.ActiveCfg = Debug|Any CPU
		{A7736B79-67DC-4106-A74A-F996F3C219D3}.Debug|Any CPU.Build.0 = Debug|Any CPU
		{A7736B79-67DC-4106-A74A-F996F3C219D3}.Release|Any CPU.ActiveCfg = Release|Any CPU
		{A7736B79-67DC-4106-A74A-F996F3C219D3}.Release|Any CPU.Build.0 = Release|Any CPU
	EndGlobalSection
	GlobalSection(SolutionProperties) = preSolution
		HideSolutionNode = FALSE
	EndGlobalSection
	GlobalSection(ExtensibilityGlobals) = postSolution
		SolutionGuid = {B26BF0AD-9C7B-4C3C-A36C-267C5C01C115}
	EndGlobalSection
EndGlobal
